
Microsoft Visual Studio Solution File, Format Version 12.00
# Visual Studio 15
VisualStudioVersion = 15.0.28307.757
MinimumVisualStudioVersion = 10.0.40219.1
Project("{FAE04EC0-301F-11D3-BF4B-00C04F79EFBC}") = "jiecheng", "jiecheng\jiecheng.csproj", "{75633350-2C66-4595-A2D6-859C4CFAA15C}"
EndProject
Global
	GlobalSection(SolutionConfigurationPlatforms) = preSolution
		Debug|Any CPU = Debug|Any CPU
		Release|Any CPU = Release|Any CPU
	EndGlobalSection
	GlobalSection(ProjectConfigurationPlatforms) = postSolution
		{75633350-2C66-4595-A2D6-859C4CFAA15C}.Debug|Any CPU.ActiveCfg = Debug|Any CPU
		{75633350-2C66-4595-A2D6-859C4CFAA15C}.Debug|Any CPU.Build.0 = Debug|Any CPU
		{75633350-2C66-4595-A2D6-859C4CFAA15C}.Release|Any CPU.ActiveCfg = Release|Any CPU
		{75633350-2C66-4595-A2D6-859C4CFAA15C}.Release|Any CPU.Build.0 = Release|Any CPU
	EndGlobalSection
	GlobalSection(SolutionProperties) = preSolution
		HideSolutionNode = FALSE
	EndGlobalSection
	GlobalSection(ExtensibilityGlobals) = postSolution
		SolutionGuid = {5E09DDA5-FB5D-4020-9FB1-321D4A1A2124}
	EndGlobalSection
EndGlobal
